
Microsoft Visual Studio Solution File, Format Version 12.00
# Visual Studio Version 17
VisualStudioVersion = 17.5.2.0
MinimumVisualStudioVersion = 10.0.40219.1
Project("{FAE04EC0-301F-11D3-BF4B-00C04F79EFBC}") = "slimulator", "slimulator.csproj", "{654F5B01-BE2F-2285-0349-863B57294A9A}"
EndProject
Global
	GlobalSection(SolutionConfigurationPlatforms) = preSolution
		Debug|Any CPU = Debug|Any CPU
		Debug|x64 = Debug|x64
		Debug|x86 = Debug|x86
		Release|Any CPU = Release|Any CPU
		Release|x64 = Release|x64
		Release|x86 = Release|x86
	EndGlobalSection
	GlobalSection(ProjectConfigurationPlatforms) = postSolution
		{654F5B01-BE2F-2285-0349-863B57294A9A}.Debug|Any CPU.ActiveCfg = Debug|Any CPU
		{654F5B01-BE2F-2285-0349-863B57294A9A}.Debug|Any CPU.Build.0 = Debug|Any CPU
		{654F5B01-BE2F-2285-0349-863B57294A9A}.Debug|x64.ActiveCfg = Debug|Any CPU
		{654F5B01-BE2F-2285-0349-863B57294A9A}.Debug|x64.Build.0 = Debug|Any CPU
		{654F5B01-BE2F-2285-0349-863B57294A9A}.Debug|x86.ActiveCfg = Debug|Any CPU
		{654F5B01-BE2F-2285-0349-863B57294A9A}.Debug|x86.Build.0 = Debug|Any CPU
		{654F5B01-BE2F-2285-0349-863B57294A9A}.Release|Any CPU.ActiveCfg = Release|Any CPU
		{654F5B01-BE2F-2285-0349-863B57294A9A}.Release|Any CPU.Build.0 = Release|Any CPU
		{654F5B01-BE2F-2285-0349-863B57294A9A}.Release|x64.ActiveCfg = Release|Any CPU
		{654F5B01-BE2F-2285-0349-863B57294A9A}.Release|x64.Build.0 = Release|Any CPU
		{654F5B01-BE2F-2285-0349-863B57294A9A}.Release|x86.ActiveCfg = Release|Any CPU
		{654F5B01-BE2F-2285-0349-863B57294A9A}.Release|x86.Build.0 = Release|Any CPU
		{E5F555E6-4B46-4B3F-AF94-27F086583762}.Debug|Any CPU.ActiveCfg = Debug|Any CPU
		{E5F555E6-4B46-4B3F-AF94-27F086583762}.Debug|Any CPU.Build.0 = Debug|Any CPU
		{E5F555E6-4B46-4B3F-AF94-27F086583762}.Debug|x64.ActiveCfg = Debug|Any CPU
		{E5F555E6-4B46-4B3F-AF94-27F086583762}.Debug|x64.Build.0 = Debug|Any CPU
		{E5F555E6-4B46-4B3F-AF94-27F086583762}.Debug|x86.ActiveCfg = Debug|Any CPU
		{E5F555E6-4B46-4B3F-AF94-27F086583762}.Debug|x86.Build.0 = Debug|Any CPU
		{E5F555E6-4B46-4B3F-AF94-27F086583762}.Release|Any CPU.ActiveCfg = Release|Any CPU
		{E5F555E6-4B46-4B3F-AF94-27F086583762}.Release|Any CPU.Build.0 = Release|Any CPU
		{E5F555E6-4B46-4B3F-AF94-27F086583762}.Release|x64.ActiveCfg = Release|Any CPU
		{E5F555E6-4B46-4B3F-AF94-27F086583762}.Release|x64.Build.0 = Release|Any CPU
		{E5F555E6-4B46-4B3F-AF94-27F086583762}.Release|x86.ActiveCfg = Release|Any CPU
		{E5F555E6-4B46-4B3F-AF94-27F086583762}.Release|x86.Build.0 = Release|Any CPU
	EndGlobalSection
	GlobalSection(SolutionProperties) = preSolution
		HideSolutionNode = FALSE
	EndGlobalSection
	GlobalSection(ExtensibilityGlobals) = postSolution
		SolutionGuid = {E919E985-FD2E-4616-9E4D-AD61E80266B1}
	EndGlobalSection
EndGlobal
